Microsoft Visual Studio Solution File, Format Version 12.00
# Visual Studio Version 17
VisualStudioVersion = 17.5.2.0
MinimumVisualStudioVersion = 10.0.40219.1
Project("{FAE04EC0-301F-11D3-BF4B-00C04F79EFBC}") = "HomeworkTracker", "HomeworkTracker\HomeworkTracker.csproj", "{7716085B-40D1-8545-3A21-44FEECC88BDE}"
EndProject
Global
	GlobalSection(SolutionConfigurationPlatforms) = preSolution
		Debug|Any CPU = Debug|Any CPU
		Release|Any CPU = Release|Any CPU
	EndGlobalSection
	GlobalSection(ProjectConfigurationPlatforms) = postSolution
		{7716085B-40D1-8545-3A21-44FEECC88BDE}.Debug|Any CPU.ActiveCfg = Debug|Any CPU
		{7716085B-40D1-8545-3A21-44FEECC88BDE}.Debug|Any CPU.Build.0 = Debug|Any CPU
		{7716085B-40D1-8545-3A21-44FEECC88BDE}.Release|Any CPU.ActiveCfg = Release|Any CPU
		{7716085B-40D1-8545-3A21-44FEECC88BDE}.Release|Any CPU.Build.0 = Release|Any CPU
	EndGlobalSection
	GlobalSection(SolutionProperties) = preSolution
		HideSolutionNode = FALSE
	EndGlobalSection
	GlobalSection(ExtensibilityGlobals) = postSolution
		SolutionGuid = {97D20FEE-0FEC-4579-9A80-D808BCA41611}
	EndGlobalSection
EndGlobal
